// !$*UTF8*$!
{
	archiveVersion = 1;
	classes = {
	};
	objectVersion = 50;
	objects = {

/* Begin PBXBuildFile section */
		815928812230D0EE0048D565 /* GoogleService-Info.plist in Resources */ = {isa = PBXBuildFile; fileRef = 815928802230D0EE0048D565 /* GoogleService-Info.plist */; };
		81ED322E222FB5160076CBA4 /* AppDelegate.m in Sources */ = {isa = PBXBuildFile; fileRef = 81ED322D222FB5160076CBA4 /* AppDelegate.m */; };
		81ED3231222FB5160076CBA4 /* FCMNotifierPluginViewController.m in Sources */ = {isa = PBXBuildFile; fileRef = 81ED3230222FB5160076CBA4 /* FCMNotifierPluginViewController.m */; };
		81ED3234222FB5160076CBA4 /* FCMNotifierPlugin.storyboard in Resources */ = {isa = PBXBuildFile; fileRef = 81ED3232222FB5160076CBA4 /* FCMNotifierPlugin.storyboard */; };
		81ED3236222FB5170076CBA4 /* Assets.xcassets in Resources */ = {isa = PBXBuildFile; fileRef = 81ED3235222FB5170076CBA4 /* Assets.xcassets */; };
		81ED3239222FB5170076CBA4 /* LaunchScreen.storyboard in Resources */ = {isa = PBXBuildFile; fileRef = 81ED3237222FB5170076CBA4 /* LaunchScreen.storyboard */; };
		81ED323C222FB5170076CBA4 /* main.m in Sources */ = {isa = PBXBuildFile; fileRef = 81ED323B222FB5170076CBA4 /* main.m */; };
		EA4C98E4536A3EC28A8B08E5 /* Pods_client.framework in Frameworks */ = {isa = PBXBuildFile; fileRef = 420E799340B50EF7F36DA3D4 /* Pods_client.framework */; };
/* End PBXBuildFile section */

/* Begin PBXFileReference section */
		420E799340B50EF7F36DA3D4 /* Pods_client.framework */ = {isa = PBXFileReference; explicitFileType = wrapper.framework; includeInIndex = 0; path = Pods_client.framework; sourceTree = BUILT_PRODUCTS_DIR; };
		78D202D928D697AB52F515E3 /* Pods-client.debug.xcconfig */ = {isa = PBXFileReference; includeInIndex = 1; lastKnownFileType = text.xcconfig; name = "Pods-client.debug.xcconfig"; path = "Pods/Target Support Files/Pods-client/Pods-client.debug.xcconfig"; sourceTree = "<group>"; };
		81592838222FB7DD0048D565 /* client.entitlements */ = {isa = PBXFileReference; lastKnownFileType = text.plist.entitlements; path = client.entitlements; sourceTree = "<group>"; };
		81592839222FB9C80048D565 /* libiOSObjectiveCPlugin.a */ = {isa = PBXFileReference; explicitFileType = archive.ar; path = libiOSObjectiveCPlugin.a; sourceTree = BUILT_PRODUCTS_DIR; };
		815928802230D0EE0048D565 /* GoogleService-Info.plist */ = {isa = PBXFileReference; fileEncoding = 4; lastKnownFileType = text.plist.xml; path = "GoogleService-Info.plist"; sourceTree = SOURCE_ROOT; };
		81ED322A222FB5160076CBA4 /* client.app */ = {isa = PBXFileReference; explicitFileType = wrapper.application; includeInIndex = 0; path = client.app; sourceTree = BUILT_PRODUCTS_DIR; };
		81ED322C222FB5160076CBA4 /* AppDelegate.h */ = {isa = PBXFileReference; lastKnownFileType = sourcecode.c.h; path = AppDelegate.h; sourceTree = "<group>"; };
		81ED322D222FB5160076CBA4 /* AppDelegate.m */ = {isa = PBXFileReference; lastKnownFileType = sourcecode.c.objc; path = AppDelegate.m; sourceTree = "<group>"; };
		81ED322F222FB5160076CBA4 /* FCMNotifierPluginViewController.h */ = {isa = PBXFileReference; lastKnownFileType = sourcecode.c.h; path = FCMNotifierPluginViewController.h; sourceTree = "<group>"; };
		81ED3230222FB5160076CBA4 /* FCMNotifierPluginViewController.m */ = {isa = PBXFileReference; lastKnownFileType = sourcecode.c.objc; path = FCMNotifierPluginViewController.m; sourceTree = "<group>"; };
		81ED3233222FB5160076CBA4 /* Base */ = {isa = PBXFileReference; lastKnownFileType = file.storyboard; name = Base; path = Base.lproj/FCMNotifierPlugin.storyboard; sourceTree = "<group>"; };
		81ED3235222FB5170076CBA4 /* Assets.xcassets */ = {isa = PBXFileReference; lastKnownFileType = folder.assetcatalog; path = Assets.xcassets; sourceTree = "<group>"; };
		81ED3238222FB5170076CBA4 /* Base */ = {isa = PBXFileReference; lastKnownFileType = file.storyboard; name = Base; path = Base.lproj/LaunchScreen.storyboard; sourceTree = "<group>"; };
		81ED323A222FB5170076CBA4 /* Info.plist */ = {isa = PBXFileReference; lastKnownFileType = text.plist.xml; path = Info.plist; sourceTree = "<group>"; };
		81ED323B222FB5170076CBA4 /* main.m */ = {isa = PBXFileReference; lastKnownFileType = sourcecode.c.objc; path = main.m; sourceTree = "<group>"; };
		E89113259D8A586595EAF5D3 /* Pods-client.release.xcconfig */ = {isa = PBXFileReference; includeInIndex = 1; lastKnownFileType = text.xcconfig; name = "Pods-client.release.xcconfig"; path = "Pods/Target Support Files/Pods-client/Pods-client.release.xcconfig"; sourceTree = "<group>"; };
/* End PBXFileReference section */

/* Begin PBXFrameworksBuildPhase section */
		81ED3227222FB5160076CBA4 /* Frameworks */ = {
			isa = PBXFrameworksBuildPhase;
			buildActionMask = 2147483647;
			files = (
				EA4C98E4536A3EC28A8B08E5 /* Pods_client.framework in Frameworks */,
			);
			runOnlyForDeploymentPostprocessing = 0;
		};
/* End PBXFrameworksBuildPhase section */

/* Begin PBXGroup section */
		03ABCA734D2E5524F01BB656 /* Frameworks */ = {
			isa = PBXGroup;
			children = (
				81592839222FB9C80048D565 /* libiOSObjectiveCPlugin.a */,
				420E799340B50EF7F36DA3D4 /* Pods_client.framework */,
			);
			name = Frameworks;
			sourceTree = "<group>";
		};
		69A2C117584A489AD1DF1B7A /* Pods */ = {
			isa = PBXGroup;
			children = (
				78D202D928D697AB52F515E3 /* Pods-client.debug.xcconfig */,
				E89113259D8A586595EAF5D3 /* Pods-client.release.xcconfig */,
			);
			name = Pods;
			sourceTree = "<group>";
		};
		81ED3204222FB4EA0076CBA4 = {
			isa = PBXGroup;
			children = (
				81ED322B222FB5160076CBA4 /* client */,
				81ED320E222FB4EA0076CBA4 /* Products */,
				69A2C117584A489AD1DF1B7A /* Pods */,
				03ABCA734D2E5524F01BB656 /* Frameworks */,
			);
			sourceTree = "<group>";
		};
		81ED320E222FB4EA0076CBA4 /* Products */ = {
			isa = PBXGroup;
			children = (
				81ED322A222FB5160076CBA4 /* client.app */,
			);
			name = Products;
			sourceTree = "<group>";
		};
		81ED322B222FB5160076CBA4 /* client */ = {
			isa = PBXGroup;
			children = (
				815928802230D0EE0048D565 /* GoogleService-Info.plist */,
				81592838222FB7DD0048D565 /* client.entitlements */,
				81ED322C222FB5160076CBA4 /* AppDelegate.h */,
				81ED322D222FB5160076CBA4 /* AppDelegate.m */,
				81ED322F222FB5160076CBA4 /* FCMNotifierPluginViewController.h */,
				81ED3230222FB5160076CBA4 /* FCMNotifierPluginViewController.m */,
				81ED3232222FB5160076CBA4 /* FCMNotifierPlugin.storyboard */,
				81ED3235222FB5170076CBA4 /* Assets.xcassets */,
				81ED3237222FB5170076CBA4 /* LaunchScreen.storyboard */,
				81ED323A222FB5170076CBA4 /* Info.plist */,
				81ED323B222FB5170076CBA4 /* main.m */,
			);
			path = client;
			sourceTree = "<group>";
		};
/* End PBXGroup section */

/* Begin PBXNativeTarget section */
		81ED3229222FB5160076CBA4 /* client */ = {
			isa = PBXNativeTarget;
			buildConfigurationList = 81ED323D222FB5170076CBA4 /* Build configuration list for PBXNativeTarget "client" */;
			buildPhases = (
				E6BACB479727BA70009F6655 /* [CP] Check Pods Manifest.lock */,
				81ED3226222FB5160076CBA4 /* Sources */,
				81ED3227222FB5160076CBA4 /* Frameworks */,
				81ED3228222FB5160076CBA4 /* Resources */,
				4BE08E7E17DC36C75DA3658F /* [CP] Embed Pods Frameworks */,
			);
			buildRules = (
			);
			dependencies = (
			);
			name = client;
			productName = client;
			productReference = 81ED322A222FB5160076CBA4 /* client.app */;
			productType = "com.apple.product-type.application";
		};
/* End PBXNativeTarget section */

/* Begin PBXProject section */
		81ED3205222FB4EA0076CBA4 /* Project object */ = {
			isa = PBXProject;
			attributes = {
				LastUpgradeCheck = 1010;
				ORGANIZATIONNAME = "柾本 耕太郎";
				TargetAttributes = {
					81ED3229222FB5160076CBA4 = {
						CreatedOnToolsVersion = 10.1;
						SystemCapabilities = {
							com.apple.Push = {
								enabled = 1;
							};
						};
					};
				};
			};
			buildConfigurationList = 81ED3208222FB4EA0076CBA4 /* Build configuration list for PBXProject "objectivec" */;
			compatibilityVersion = "Xcode 9.3";
			developmentRegion = en;
			hasScannedForEncodings = 0;
			knownRegions = (
				en,
				Base,
			);
			mainGroup = 81ED3204222FB4EA0076CBA4;
			productRefGroup = 81ED320E222FB4EA0076CBA4 /* Products */;
			projectDirPath = "";
			projectRoot = "";
			targets = (
				81ED3229222FB5160076CBA4 /* client */,
			);
		};
/* End PBXProject section */

/* Begin PBXResourcesBuildPhase section */
		81ED3228222FB5160076CBA4 /* Resources */ = {
			isa = PBXResourcesBuildPhase;
			buildActionMask = 2147483647;
			files = (
				81ED3239222FB5170076CBA4 /* LaunchScreen.storyboard in Resources */,
				815928812230D0EE0048D565 /* GoogleService-Info.plist in Resources */,
				81ED3236222FB5170076CBA4 /* Assets.xcassets in Resources */,
				81ED3234222FB5160076CBA4 /* FCMNotifierPlugin.storyboard in Resources */,
			);
			runOnlyForDeploymentPostprocessing = 0;
		};
/* End PBXResourcesBuildPhase section */

/* Begin PBXShellScriptBuildPhase section */
		4BE08E7E17DC36C75DA3658F /* [CP] Embed Pods Frameworks */ = {
			isa = PBXShellScriptBuildPhase;
			buildActionMask = 2147483647;
			files = (
			);
			inputFileListPaths = (
			);
			inputPaths = (
				"${SRCROOT}/Pods/Target Support Files/Pods-client/Pods-client-frameworks.sh",
				"${BUILT_PRODUCTS_DIR}/GoogleUtilities/GoogleUtilities.framework",
				"${BUILT_PRODUCTS_DIR}/Protobuf/Protobuf.framework",
				"${BUILT_PRODUCTS_DIR}/nanopb/nanopb.framework",
			);
			name = "[CP] Embed Pods Frameworks";
			outputFileListPaths = (
			);
			outputPaths = (
				"${TARGET_BUILD_DIR}/${FRAMEWORKS_FOLDER_PATH}/GoogleUtilities.framework",
				"${TARGET_BUILD_DIR}/${FRAMEWORKS_FOLDER_PATH}/Protobuf.framework",
				"${TARGET_BUILD_DIR}/${FRAMEWORKS_FOLDER_PATH}/nanopb.framework",
			);
			runOnlyForDeploymentPostprocessing = 0;
			shellPath = /bin/sh;
			shellScript = "\"${SRCROOT}/Pods/Target Support Files/Pods-client/Pods-client-frameworks.sh\"\n";
			showEnvVarsInLog = 0;
		};
		E6BACB479727BA70009F6655 /* [CP] Check Pods Manifest.lock */ = {
			isa = PBXShellScriptBuildPhase;
			buildActionMask = 2147483647;
			files = (
			);
			inputFileListPaths = (
			);
			inputPaths = (
				"${PODS_PODFILE_DIR_PATH}/Podfile.lock",
				"${PODS_ROOT}/Manifest.lock",
			);
			name = "[CP] Check Pods Manifest.lock";
			outputFileListPaths = (
			);
			outputPaths = (
				"$(DERIVED_FILE_DIR)/Pods-client-checkManifestLockResult.txt",
			);
			runOnlyForDeploymentPostprocessing = 0;
			shellPath = /bin/sh;
			shellScript = "diff \"${PODS_PODFILE_DIR_PATH}/Podfile.lock\" \"${PODS_ROOT}/Manifest.lock\" > /dev/null\nif [ $? != 0 ] ; then\n    # print error to STDERR\n    echo \"error: The sandbox is not in sync with the Podfile.lock. Run 'pod install' or update your CocoaPods installation.\" >&2\n    exit 1\nfi\n# This output is used by Xcode 'outputs' to avoid re-running this script phase.\necho \"SUCCESS\" > \"${SCRIPT_OUTPUT_FILE_0}\"\n";
			showEnvVarsInLog = 0;
		};
/* End PBXShellScriptBuildPhase section */

/* Begin PBXSourcesBuildPhase section */
		81ED3226222FB5160076CBA4 /* Sources */ = {
			isa = PBXSourcesBuildPhase;
			buildActionMask = 2147483647;
			files = (
				81ED3231222FB5160076CBA4 /* FCMNotifierPluginViewController.m in Sources */,
				81ED323C222FB5170076CBA4 /* main.m in Sources */,
				81ED322E222FB5160076CBA4 /* AppDelegate.m in Sources */,
			);
			runOnlyForDeploymentPostprocessing = 0;
		};
/* End PBXSourcesBuildPhase section */

/* Begin PBXVariantGroup section */
		81ED3232222FB5160076CBA4 /* FCMNotifierPlugin.storyboard */ = {
			isa = PBXVariantGroup;
			children = (
				81ED3233222FB5160076CBA4 /* Base */,
			);
			name = FCMNotifierPlugin.storyboard;
			sourceTree = "<group>";
		};
		81ED3237222FB5170076CBA4 /* LaunchScreen.storyboard */ = {
			isa = PBXVariantGroup;
			children = (
				81ED3238222FB5170076CBA4 /* Base */,
			);
			name = LaunchScreen.storyboard;
			sourceTree = "<group>";
		};
/* End PBXVariantGroup section */

/* Begin XCBuildConfiguration section */
		81ED3221222FB4EC0076CBA4 /* Debug */ = {
			isa = XCBuildConfiguration;
			buildSettings = {
				ALWAYS_SEARCH_USER_PATHS = NO;
				CLANG_ANALYZER_NONNULL = YES;
				CLANG_ANALYZER_NUMBER_OBJECT_CONVERSION = YES_AGGRESSIVE;
				CLANG_CXX_LANGUAGE_STANDARD = "gnu++14";
				CLANG_CXX_LIBRARY = "libc++";
				CLANG_ENABLE_MODULES = YES;
				CLANG_ENABLE_OBJC_ARC = YES;
				CLANG_ENABLE_OBJC_WEAK = YES;
				CLANG_WARN_BLOCK_CAPTURE_AUTORELEASING = YES;
				CLANG_WARN_BOOL_CONVERSION = YES;
				CLANG_WARN_COMMA = YES;
				CLANG_WARN_CONSTANT_CONVERSION = YES;
				CLANG_WARN_DEPRECATED_OBJC_IMPLEMENTATIONS = YES;
				CLANG_WARN_DIRECT_OBJC_ISA_USAGE = YES_ERROR;
				CLANG_WARN_DOCUMENTATION_COMMENTS = YES;
				CLANG_WARN_EMPTY_BODY = YES;
				CLANG_WARN_ENUM_CONVERSION = YES;
				CLANG_WARN_INFINITE_RECURSION = YES;
				CLANG_WARN_INT_CONVERSION = YES;
				CLANG_WARN_NON_LITERAL_NULL_CONVERSION = YES;
				CLANG_WARN_OBJC_IMPLICIT_RETAIN_SELF = YES;
				CLANG_WARN_OBJC_LITERAL_CONVERSION = YES;
				CLANG_WARN_OBJC_ROOT_CLASS = YES_ERROR;
				CLANG_WARN_RANGE_LOOP_ANALYSIS = YES;
				CLANG_WARN_STRICT_PROTOTYPES = YES;
				CLANG_WARN_SUSPICIOUS_MOVE = YES;
				CLANG_WARN_UNGUARDED_AVAILABILITY = YES_AGGRESSIVE;
				CLANG_WARN_UNREACHABLE_CODE = YES;
				CLANG_WARN__DUPLICATE_METHOD_MATCH = YES;
				CODE_SIGN_IDENTITY = "iPhone Developer";
				COPY_PHASE_STRIP = NO;
				DEBUG_INFORMATION_FORMAT = dwarf;
				ENABLE_STRICT_OBJC_MSGSEND = YES;
				ENABLE_TESTABILITY = YES;
				GCC_C_LANGUAGE_STANDARD = gnu11;
				GCC_DYNAMIC_NO_PIC = NO;
				GCC_NO_COMMON_BLOCKS = YES;
				GCC_OPTIMIZATION_LEVEL = 0;
				GCC_PREPROCESSOR_DEFINITIONS = (
					"DEBUG=1",
					"$(inherited)",
				);
				GCC_WARN_64_TO_32_BIT_CONVERSION = YES;
				GCC_WARN_ABOUT_RETURN_TYPE = YES_ERROR;
				GCC_WARN_UNDECLARED_SELECTOR = YES;
				GCC_WARN_UNINITIALIZED_AUTOS = YES_AGGRESSIVE;
				GCC_WARN_UNUSED_FUNCTION = YES;
				GCC_WARN_UNUSED_VARIABLE = YES;
				IPHONEOS_DEPLOYMENT_TARGET = 12.1;
				MTL_ENABLE_DEBUG_INFO = INCLUDE_SOURCE;
				MTL_FAST_MATH = YES;
				ONLY_ACTIVE_ARCH = YES;
				SDKROOT = iphoneos;
			};
			name = Debug;
		};
		81ED3222222FB4EC0076CBA4 /* Release */ = {
			isa = XCBuildConfiguration;
			buildSettings = {
				ALWAYS_SEARCH_USER_PATHS = NO;
				CLANG_ANALYZER_NONNULL = YES;
				CLANG_ANALYZER_NUMBER_OBJECT_CONVERSION = YES_AGGRESSIVE;
				CLANG_CXX_LANGUAGE_STANDARD = "gnu++14";
				CLANG_CXX_LIBRARY = "libc++";
				CLANG_ENABLE_MODULES = YES;
				CLANG_ENABLE_OBJC_ARC = YES;
				CLANG_ENABLE_OBJC_WEAK = YES;
				CLANG_WARN_BLOCK_CAPTURE_AUTORELEASING = YES;
				CLANG_WARN_BOOL_CONVERSION = YES;
				CLANG_WARN_COMMA = YES;
				CLANG_WARN_CONSTANT_CONVERSION = YES;
				CLANG_WARN_DEPRECATED_OBJC_IMPLEMENTATIONS = YES;
				CLANG_WARN_DIRECT_OBJC_ISA_USAGE = YES_ERROR;
				CLANG_WARN_DOCUMENTATION_COMMENTS = YES;
				CLANG_WARN_EMPTY_BODY = YES;
				CLANG_WARN_ENUM_CONVERSION = YES;
				CLANG_WARN_INFINITE_RECURSION = YES;
				CLANG_WARN_INT_CONVERSION = YES;
				CLANG_WARN_NON_LITERAL_NULL_CONVERSION = YES;
				CLANG_WARN_OBJC_IMPLICIT_RETAIN_SELF = YES;
				CLANG_WARN_OBJC_LITERAL_CONVERSION = YES;
				CLANG_WARN_OBJC_ROOT_CLASS = YES_ERROR;
				CLANG_WARN_RANGE_LOOP_ANALYSIS = YES;
				CLANG_WARN_STRICT_PROTOTYPES = YES;
				CLANG_WARN_SUSPICIOUS_MOVE = YES;
				CLANG_WARN_UNGUARDED_AVAILABILITY = YES_AGGRESSIVE;
				CLANG_WARN_UNREACHABLE_CODE = YES;
				CLANG_WARN__DUPLICATE_METHOD_MATCH = YES;
				CODE_SIGN_IDENTITY = "iPhone Developer";
				COPY_PHASE_STRIP = NO;
				DEBUG_INFORMATION_FORMAT = "dwarf-with-dsym";
				ENABLE_NS_ASSERTIONS = NO;
				ENABLE_STRICT_OBJC_MSGSEND = YES;
				GCC_C_LANGUAGE_STANDARD = gnu11;
				GCC_NO_COMMON_BLOCKS = YES;
				GCC_WARN_64_TO_32_BIT_CONVERSION = YES;
				GCC_WARN_ABOUT_RETURN_TYPE = YES_ERROR;
				GCC_WARN_UNDECLARED_SELECTOR = YES;
				GCC_WARN_UNINITIALIZED_AUTOS = YES_AGGRESSIVE;
				GCC_WARN_UNUSED_FUNCTION = YES;
				GCC_WARN_UNUSED_VARIABLE = YES;
				IPHONEOS_DEPLOYMENT_TARGET = 12.1;
				MTL_ENABLE_DEBUG_INFO = NO;
				MTL_FAST_MATH = YES;
				ONLY_ACTIVE_ARCH = YES;
				SDKROOT = iphoneos;
				VALIDATE_PRODUCT = YES;
			};
			name = Release;
		};
		81ED323E222FB5170076CBA4 /* Debug */ = {
			isa = XCBuildConfiguration;
			baseConfigurationReference = 78D202D928D697AB52F515E3 /* Pods-client.debug.xcconfig */;
			buildSettings = {
				ASSETCATALOG_COMPILER_APPICON_NAME = AppIcon;
				CODE_SIGN_ENTITLEMENTS = client/client.entitlements;
				CODE_SIGN_STYLE = Automatic;
				DEVELOPMENT_TEAM = C9V674GA4T;
				GCC_PREPROCESSOR_DEFINITIONS = (
					"$(inherited)",
					"COCOAPODS=1",
					"$(inherited)",
					"GPB_USE_PROTOBUF_FRAMEWORK_IMPORTS=1",
					"$(inherited)",
					"PB_FIELD_32BIT=1",
					"PB_NO_PACKED_STRUCTS=1",
					"PB_ENABLE_MALLOC=1",
					"ENABLE_FCMNOTIFIER_PLUGIN=1",
				);
				INFOPLIST_FILE = client/Info.plist;
				IPHONEOS_DEPLOYMENT_TARGET = 10.0;
				LD_RUNPATH_SEARCH_PATHS = (
					"$(inherited)",
					"@executable_path/Frameworks",
				);
				ONLY_ACTIVE_ARCH = NO;
				PRODUCT_BUNDLE_IDENTIFIER = com.ucreates.client;
				PRODUCT_NAME = "$(TARGET_NAME)";
				TARGETED_DEVICE_FAMILY = "1,2";
			};
			name = Debug;
		};
		81ED323F222FB5170076CBA4 /* Release */ = {
			isa = XCBuildConfiguration;
			baseConfigurationReference = E89113259D8A586595EAF5D3 /* Pods-client.release.xcconfig */;
			buildSettings = {
				ASSETCATALOG_COMPILER_APPICON_NAME = AppIcon;
				CODE_SIGN_ENTITLEMENTS = client/client.entitlements;
				CODE_SIGN_STYLE = Automatic;
				DEVELOPMENT_TEAM = C9V674GA4T;
				GCC_PREPROCESSOR_DEFINITIONS = (
					"$(inherited)",
					"COCOAPODS=1",
					"$(inherited)",
					"GPB_USE_PROTOBUF_FRAMEWORK_IMPORTS=1",
					"$(inherited)",
					"PB_FIELD_32BIT=1",
					"PB_NO_PACKED_STRUCTS=1",
					"PB_ENABLE_MALLOC=1",
					"ENABLE_FCMNOTIFIER_PLUGIN=1",
				);
				INFOPLIST_FILE = client/Info.plist;
				IPHONEOS_DEPLOYMENT_TARGET = 10.0;
				LD_RUNPATH_SEARCH_PATHS = (
					"$(inherited)",
					"@executable_path/Frameworks",
				);
				ONLY_ACTIVE_ARCH = NO;
				PRODUCT_BUNDLE_IDENTIFIER = com.ucreates.client;
				PRODUCT_NAME = "$(TARGET_NAME)";
				TARGETED_DEVICE_FAMILY = "1,2";
			};
			name = Release;
		};
/* End XCBuildConfiguration section */

/* Begin XCConfigurationList section */
		81ED3208222FB4EA0076CBA4 /* Build configuration list for PBXProject "objectivec" */ = {
			isa = XCConfigurationList;
			buildConfigurations = (
				81ED3221222FB4EC0076CBA4 /* Debug */,
				81ED3222222FB4EC0076CBA4 /* Release */,
			);
			defaultConfigurationIsVisible = 0;
			defaultConfigurationName = Release;
		};
		81ED323D222FB5170076CBA4 /* Build configuration list for PBXNativeTarget "client" */ = {
			isa = XCConfigurationList;
			buildConfigurations = (
				81ED323E222FB5170076CBA4 /* Debug */,
				81ED323F222FB5170076CBA4 /* Release */,
			);
			defaultConfigurationIsVisible = 0;
			defaultConfigurationName = Release;
		};
/* End XCConfigurationList section */
	};
	rootObject = 81ED3205222FB4EA0076CBA4 /* Project object */;
}
